
Microsoft Visual Studio Solution File, Format Version 12.00
# Visual Studio Version 17
VisualStudioVersion = 17.14.37012.4
MinimumVisualStudioVersion = 10.0.40219.1
Project("{FAE04EC0-301F-11D3-BF4B-00C04F79EFBC}") = "ConsoleApp3", "ConsoleApp3\ConsoleApp3.csproj", "{F4A81FD8-3C9C-4BA5-86D4-EB0D757FA7DB}"
EndProject
Project("{FAE04EC0-301F-11D3-BF4B-00C04F79EFBC}") = "ConsoleApp1", "ConsoleApp1\ConsoleApp1.csproj", "{42A6D4E9-F630-404A-B12F-E92AE4EF3D21}"
EndProject
Project("{FAE04EC0-301F-11D3-BF4B-00C04F79EFBC}") = "ConsoleApp2", "ConsoleApp2\ConsoleApp2.csproj", "{3A22B5EF-83E6-4AA6-B411-9B84EF5727E1}"
EndProject
Project("{FAE04EC0-301F-11D3-BF4B-00C04F79EFBC}") = "ConsoleApp4", "ConsoleApp4\ConsoleApp4.csproj", "{097536FE-9255-4BCD-8B1E-7523CFA3089D}"
EndProject
Project("{FAE04EC0-301F-11D3-BF4B-00C04F79EFBC}") = "ConsoleApp5", "ConsoleApp5\ConsoleApp5.csproj", "{72156DE4-B71E-4C63-BFFD-24111505E2E5}"
EndProject
Global
	GlobalSection(SolutionConfigurationPlatforms) = preSolution
		Debug|Any CPU = Debug|Any CPU
		Release|Any CPU = Release|Any CPU
	EndGlobalSection
	GlobalSection(ProjectConfigurationPlatforms) = postSolution
		{F4A81FD8-3C9C-4BA5-86D4-EB0D757FA7DB}.Debug|Any CPU.ActiveCfg = Debug|Any CPU
		{F4A81FD8-3C9C-4BA5-86D4-EB0D757FA7DB}.Debug|Any CPU.Build.0 = Debug|Any CPU
		{F4A81FD8-3C9C-4BA5-86D4-EB0D757FA7DB}.Release|Any CPU.ActiveCfg = Release|Any CPU
		{F4A81FD8-3C9C-4BA5-86D4-EB0D757FA7DB}.Release|Any CPU.Build.0 = Release|Any CPU
		{42A6D4E9-F630-404A-B12F-E92AE4EF3D21}.Debug|Any CPU.ActiveCfg = Debug|Any CPU
		{42A6D4E9-F630-404A-B12F-E92AE4EF3D21}.Debug|Any CPU.Build.0 = Debug|Any CPU
		{42A6D4E9-F630-404A-B12F-E92AE4EF3D21}.Release|Any CPU.ActiveCfg = Release|Any CPU
		{42A6D4E9-F630-404A-B12F-E92AE4EF3D21}.Release|Any CPU.Build.0 = Release|Any CPU
		{3A22B5EF-83E6-4AA6-B411-9B84EF5727E1}.Debug|Any CPU.ActiveCfg = Debug|Any CPU
		{3A22B5EF-83E6-4AA6-B411-9B84EF5727E1}.Debug|Any CPU.Build.0 = Debug|Any CPU
		{3A22B5EF-83E6-4AA6-B411-9B84EF5727E1}.Release|Any CPU.ActiveCfg = Release|Any CPU
		{3A22B5EF-83E6-4AA6-B411-9B84EF5727E1}.Release|Any CPU.Build.0 = Release|Any CPU
		{097536FE-9255-4BCD-8B1E-7523CFA3089D}.Debug|Any CPU.ActiveCfg = Debug|Any CPU
		{097536FE-9255-4BCD-8B1E-7523CFA3089D}.Debug|Any CPU.Build.0 = Debug|Any CPU
		{097536FE-9255-4BCD-8B1E-7523CFA3089D}.Release|Any CPU.ActiveCfg = Release|Any CPU
		{097536FE-9255-4BCD-8B1E-7523CFA3089D}.Release|Any CPU.Build.0 = Release|Any CPU
		{72156DE4-B71E-4C63-BFFD-24111505E2E5}.Debug|Any CPU.ActiveCfg = Debug|Any CPU
		{72156DE4-B71E-4C63-BFFD-24111505E2E5}.Debug|Any CPU.Build.0 = Debug|Any CPU
		{72156DE4-B71E-4C63-BFFD-24111505E2E5}.Release|Any CPU.ActiveCfg = Release|Any CPU
		{72156DE4-B71E-4C63-BFFD-24111505E2E5}.Release|Any CPU.Build.0 = Release|Any CPU
	EndGlobalSection
	GlobalSection(SolutionProperties) = preSolution
		HideSolutionNode = FALSE
	EndGlobalSection
	GlobalSection(ExtensibilityGlobals) = postSolution
		SolutionGuid = {25BF481F-0690-41FE-A630-DC8FDDC5512F}
	EndGlobalSection
EndGlobal
